
Microsoft Visual Studio Solution File, Format Version 12.00
# Visual Studio 15
VisualStudioVersion = 15.0.28010.2041
MinimumVisualStudioVersion = 10.0.40219.1
Project("{FAE04EC0-301F-11D3-BF4B-00C04F79EFBC}") = "Projekt", "Projekt\Projekt.csproj", "{52E8BE9C-3558-4099-971F-CFE765118C99}"
EndProject
Project("{FAE04EC0-301F-11D3-BF4B-00C04F79EFBC}") = "Projekt.Tests", "Projekt.Tests\Projekt.Tests.csproj", "{BD783DB8-078F-46B1-8E9A-C1BEFBD9ED4E}"
EndProject
Global
	GlobalSection(SolutionConfigurationPlatforms) = preSolution
		Debug|Any CPU = Debug|Any CPU
		Release|Any CPU = Release|Any CPU
	EndGlobalSection
	GlobalSection(ProjectConfigurationPlatforms) = postSolution
		{52E8BE9C-3558-4099-971F-CFE765118C99}.Debug|Any CPU.ActiveCfg = Debug|Any CPU
		{52E8BE9C-3558-4099-971F-CFE765118C99}.Debug|Any CPU.Build.0 = Debug|Any CPU
		{52E8BE9C-3558-4099-971F-CFE765118C99}.Release|Any CPU.ActiveCfg = Release|Any CPU
		{52E8BE9C-3558-4099-971F-CFE765118C99}.Release|Any CPU.Build.0 = Release|Any CPU
		{BD783DB8-078F-46B1-8E9A-C1BEFBD9ED4E}.Debug|Any CPU.ActiveCfg = Debug|Any CPU
		{BD783DB8-078F-46B1-8E9A-C1BEFBD9ED4E}.Debug|Any CPU.Build.0 = Debug|Any CPU
		{BD783DB8-078F-46B1-8E9A-C1BEFBD9ED4E}.Release|Any CPU.ActiveCfg = Release|Any CPU
		{BD783DB8-078F-46B1-8E9A-C1BEFBD9ED4E}.Release|Any CPU.Build.0 = Release|Any CPU
	EndGlobalSection
	GlobalSection(SolutionProperties) = preSolution
		HideSolutionNode = FALSE
	EndGlobalSection
	GlobalSection(ExtensibilityGlobals) = postSolution
		SolutionGuid = {ADDC08BE-07D3-4E05-8005-670FD862FA3A}
	EndGlobalSection
EndGlobal
